Microsoft Visual Studio Solution File, Format Version 12.00
# Visual Studio Version 17
VisualStudioVersion = 17.5.2.0
MinimumVisualStudioVersion = 10.0.40219.1
Project("{FAE04EC0-301F-11D3-BF4B-00C04F79EFBC}") = "MouseClickServer", "MouseClickServer\MouseClickServer.csproj", "{4781C2E4-5C23-1030-B5C8-719445D86329}"
EndProject
Project("{FAE04EC0-301F-11D3-BF4B-00C04F79EFBC}") = "MouseClickTracker", "MouseClickTracker\MouseClickTracker.csproj", "{C517CB91-55A8-C253-6F92-CADFF23F309C}"
EndProject
Global
	GlobalSection(SolutionConfigurationPlatforms) = preSolution
		Debug|Any CPU = Debug|Any CPU
		Release|Any CPU = Release|Any CPU
	EndGlobalSection
	GlobalSection(ProjectConfigurationPlatforms) = postSolution
		{4781C2E4-5C23-1030-B5C8-719445D86329}.Debug|Any CPU.ActiveCfg = Debug|Any CPU
		{4781C2E4-5C23-1030-B5C8-719445D86329}.Debug|Any CPU.Build.0 = Debug|Any CPU
		{4781C2E4-5C23-1030-B5C8-719445D86329}.Release|Any CPU.ActiveCfg = Release|Any CPU
		{4781C2E4-5C23-1030-B5C8-719445D86329}.Release|Any CPU.Build.0 = Release|Any CPU
		{C517CB91-55A8-C253-6F92-CADFF23F309C}.Debug|Any CPU.ActiveCfg = Debug|Any CPU
		{C517CB91-55A8-C253-6F92-CADFF23F309C}.Debug|Any CPU.Build.0 = Debug|Any CPU
		{C517CB91-55A8-C253-6F92-CADFF23F309C}.Release|Any CPU.ActiveCfg = Release|Any CPU
		{C517CB91-55A8-C253-6F92-CADFF23F309C}.Release|Any CPU.Build.0 = Release|Any CPU
	EndGlobalSection
	GlobalSection(SolutionProperties) = preSolution
		HideSolutionNode = FALSE
	EndGlobalSection
	GlobalSection(ExtensibilityGlobals) = postSolution
		SolutionGuid = {4F8517AB-9012-4395-B124-635AC8477180}
	EndGlobalSection
EndGlobal
